# This file is automatically @generated by Cargo.
# It is not intended for manual editing.
version = 3

[[package]]
name = "lispexp"
version = "0.2.1"
source = "registry+https://github.com/rust-lang/crates.io-index"
checksum = "fa2e3cc7e271de3f38448d415a078ea4c7d78063fc4274bbdc0b029ab0146cdf"

[[package]]
name = "lisplens"
version = "0.1.0"
dependencies = [
 "lispexp",
 "xxhash-rust",
]

[[package]]
name = "xxhash-rust"
version = "0.8.16"
source = "registry+https://github.com/rust-lang/crates.io-index"
checksum = "4d93c89cdc2d3a63c3ec48ffe926931bdc069eafa8e4402fe6d8f790c9d1e576"
