# This file is automatically @generated by Cargo.
# It is not intended for manual editing.
version = 3

[[package]]
name = "lispexp"
version = "0.2.1"
source = "registry+https://github.com/rust-lang/crates.io-index"
checksum = "fa2e3cc7e271de3f38448d415a078ea4c7d78063fc4274bbdc0b029ab0146cdf"

[[package]]
name = "lisplens"
version = "0.1.0"
dependencies = [
 "lispexp",
]
